// !$*UTF8*$!
{
	archiveVersion = 1;
	classes = {
	};
	objectVersion = 46;
	objects = {

/* Begin PBXBuildFile section */
		E750D4DC1A9A74D20004ADD7 /* Whitney-Book-Bas.otf in Resources */ = {isa = PBXBuildFile; fileRef = E750D4DB1A9A74D20004ADD7 /* Whitney-Book-Bas.otf */; };
		E750D4E11A9A7B5B0004ADD7 /* Whitney-Medium-Bas.otf in Resources */ = {isa = PBXBuildFile; fileRef = E750D4E01A9A7B5B0004ADD7 /* Whitney-Medium-Bas.otf */; };
		E750D4E31A9A7B6E0004ADD7 /* Whitney-Semibold-Bas.otf in Resources */ = {isa = PBXBuildFile; fileRef = E750D4E21A9A7B6E0004ADD7 /* Whitney-Semibold-Bas.otf */; };
		E7A4A9341A914AD100ACE036 /* DetailsViewController.m in Sources */ = {isa = PBXBuildFile; fileRef = E7A4A9331A914AD100ACE036 /* DetailsViewController.m */; };
		E7A4A9361A915EC700ACE036 /* QuartzCore.framework in Frameworks */ = {isa = PBXBuildFile; fileRef = E7A4A9351A915EC700ACE036 /* QuartzCore.framework */; };
		E95DDB5F1A9CA19000C6560D /* UIButton+Extensions.m in Sources */ = {isa = PBXBuildFile; fileRef = E95DDB5E1A9CA19000C6560D /* UIButton+Extensions.m */; };
		E95DDB611AA0A3E400C6560D /* MediaPlayer.framework in Frameworks */ = {isa = PBXBuildFile; fileRef = E95DDB601AA0A3E400C6560D /* MediaPlayer.framework */; };
		E960D6151AA946E500FA22AE /* ADetailsViewController.m in Sources */ = {isa = PBXBuildFile; fileRef = E960D6131AA946E500FA22AE /* ADetailsViewController.m */; };
		E960D6161AA946E500FA22AE /* ADetailsViewController.xib in Resources */ = {isa = PBXBuildFile; fileRef = E960D6141AA946E500FA22AE /* ADetailsViewController.xib */; };
		E9A77FAB1A99283C0020DB2E /* BebasNeue-Bold.otf in Resources */ = {isa = PBXBuildFile; fileRef = E9A77FAA1A99283C0020DB2E /* BebasNeue-Bold.otf */; };
		E9B8FBD419A0033D00607236 /* Foundation.framework in Frameworks */ = {isa = PBXBuildFile; fileRef = E9B8FBD319A0033D00607236 /* Foundation.framework */; };
		E9B8FBD619A0033D00607236 /* CoreGraphics.framework in Frameworks */ = {isa = PBXBuildFile; fileRef = E9B8FBD519A0033D00607236 /* CoreGraphics.framework */; };
		E9B8FBD819A0033D00607236 /* UIKit.framework in Frameworks */ = {isa = PBXBuildFile; fileRef = E9B8FBD719A0033D00607236 /* UIKit.framework */; };
		E9B8FBDE19A0033D00607236 /* InfoPlist.strings in Resources */ = {isa = PBXBuildFile; fileRef = E9B8FBDC19A0033D00607236 /* InfoPlist.strings */; };
		E9B8FBE019A0033D00607236 /* main.m in Sources */ = {isa = PBXBuildFile; fileRef = E9B8FBDF19A0033D00607236 /* main.m */; };
		E9B8FBE419A0033D00607236 /* AppDelegate.m in Sources */ = {isa = PBXBuildFile; fileRef = E9B8FBE319A0033D00607236 /* AppDelegate.m */; };
		E9B8FBE619A0033D00607236 /* Images.xcassets in Resources */ = {isa = PBXBuildFile; fileRef = E9B8FBE519A0033D00607236 /* Images.xcassets */; };
		E9B8FBED19A0033D00607236 /* XCTest.framework in Frameworks */ = {isa = PBXBuildFile; fileRef = E9B8FBEC19A0033D00607236 /* XCTest.framework */; };
		E9B8FBEE19A0033D00607236 /* Foundation.framework in Frameworks */ = {isa = PBXBuildFile; fileRef = E9B8FBD319A0033D00607236 /* Foundation.framework */; };
		E9B8FBEF19A0033D00607236 /* UIKit.framework in Frameworks */ = {isa = PBXBuildFile; fileRef = E9B8FBD719A0033D00607236 /* UIKit.framework */; };
		E9B8FBF719A0033D00607236 /* InfoPlist.strings in Resources */ = {isa = PBXBuildFile; fileRef = E9B8FBF519A0033D00607236 /* InfoPlist.strings */; };
		E9B8FBF919A0033D00607236 /* WikiBandTests.m in Sources */ = {isa = PBXBuildFile; fileRef = E9B8FBF819A0033D00607236 /* WikiBandTests.m */; };
		E9B8FC0419A005B000607236 /* GridViewController.m in Sources */ = {isa = PBXBuildFile; fileRef = E9B8FC0319A005B000607236 /* GridViewController.m */; };
		E9B8FC0719A00E9D00607236 /* ArtistCell.m in Sources */ = {isa = PBXBuildFile; fileRef = E9B8FC0619A00E9D00607236 /* ArtistCell.m */; };
		E9D6236919A1295B002A05A4 /* ArtistDetailsViewController.m in Sources */ = {isa = PBXBuildFile; fileRef = E9D6236819A1295B002A05A4 /* ArtistDetailsViewController.m */; };
		E9D6236B19A129C5002A05A4 /* ArtistDetailsViewController.xib in Resources */ = {isa = PBXBuildFile; fileRef = E9D6236A19A129C5002A05A4 /* ArtistDetailsViewController.xib */; };
		E9D6236E19A163F7002A05A4 /* Artist.m in Sources */ = {isa = PBXBuildFile; fileRef = E9D6236D19A163F7002A05A4 /* Artist.m */; };
		E9D6237119A2F68A002A05A4 /* PresentDetailTransition.m in Sources */ = {isa = PBXBuildFile; fileRef = E9D6237019A2F68A002A05A4 /* PresentDetailTransition.m */; };
		E9D6237419A38B68002A05A4 /* DismissDetailTransition.m in Sources */ = {isa = PBXBuildFile; fileRef = E9D6237319A38B68002A05A4 /* DismissDetailTransition.m */; };
		E9D6237719AC07B7002A05A4 /* ArtistStore.m in Sources */ = {isa = PBXBuildFile; fileRef = E9D6237619AC07B7002A05A4 /* ArtistStore.m */; };
		E9E01BC81AC416E000912140 /* MediaItems.m in Sources */ = {isa = PBXBuildFile; fileRef = E9E01BC71AC416E000912140 /* MediaItems.m */; };
		E9E5E5A81AB050E100479C52 /* ExperimentViewController.m in Sources */ = {isa = PBXBuildFile; fileRef = E9E5E5A61AB050E100479C52 /* ExperimentViewController.m */; };
		E9E5E5A91AB050E100479C52 /* ExperimentViewController.xib in Resources */ = {isa = PBXBuildFile; fileRef = E9E5E5A71AB050E100479C52 /* ExperimentViewController.xib */; };
/* End PBXBuildFile section */

/* Begin PBXContainerItemProxy section */
		E9B8FBF019A0033D00607236 /* PBXContainerItemProxy */ = {
			isa = PBXContainerItemProxy;
			containerPortal = E9B8FBC819A0033D00607236 /* Project object */;
			proxyType = 1;
			remoteGlobalIDString = E9B8FBCF19A0033D00607236;
			remoteInfo = WikiBand;
		};
/* End PBXContainerItemProxy section */

/* Begin PBXFileReference section */
		E750D4DB1A9A74D20004ADD7 /* Whitney-Book-Bas.otf */ = {isa = PBXFileReference; lastKnownFileType = file; path = "Whitney-Book-Bas.otf"; sourceTree = "<group>"; };
		E750D4E01A9A7B5B0004ADD7 /* Whitney-Medium-Bas.otf */ = {isa = PBXFileReference; lastKnownFileType = file; path = "Whitney-Medium-Bas.otf"; sourceTree = "<group>"; };
		E750D4E21A9A7B6E0004ADD7 /* Whitney-Semibold-Bas.otf */ = {isa = PBXFileReference; lastKnownFileType = file; path = "Whitney-Semibold-Bas.otf"; sourceTree = "<group>"; };
		E7A4A9321A914AD100ACE036 /* DetailsViewController.h */ = {isa = PBXFileReference; fileEncoding = 4; lastKnownFileType = sourcecode.c.h; name = DetailsViewController.h; path = ../DetailsViewController.h; sourceTree = "<group>"; };
		E7A4A9331A914AD100ACE036 /* DetailsViewController.m */ = {isa = PBXFileReference; fileEncoding = 4; lastKnownFileType = sourcecode.c.objc; name = DetailsViewController.m; path = ../DetailsViewController.m; sourceTree = "<group>"; };
		E7A4A9351A915EC700ACE036 /* QuartzCore.framework */ = {isa = PBXFileReference; lastKnownFileType = wrapper.framework; name = QuartzCore.framework; path = System/Library/Frameworks/QuartzCore.framework; sourceTree = SDKROOT; };
		E95DDB5D1A9CA19000C6560D /* UIButton+Extensions.h */ = {isa = PBXFileReference; fileEncoding = 4; lastKnownFileType = sourcecode.c.h; path = "UIButton+Extensions.h"; sourceTree = "<group>"; };
		E95DDB5E1A9CA19000C6560D /* UIButton+Extensions.m */ = {isa = PBXFileReference; fileEncoding = 4; lastKnownFileType = sourcecode.c.objc; path = "UIButton+Extensions.m"; sourceTree = "<group>"; };
		E95DDB601AA0A3E400C6560D /* MediaPlayer.framework */ = {isa = PBXFileReference; lastKnownFileType = wrapper.framework; name = MediaPlayer.framework; path = System/Library/Frameworks/MediaPlayer.framework; sourceTree = SDKROOT; };
		E960D6121AA946E500FA22AE /* ADetailsViewController.h */ = {isa = PBXFileReference; fileEncoding = 4; lastKnownFileType = sourcecode.c.h; path = ADetailsViewController.h; sourceTree = "<group>"; };
		E960D6131AA946E500FA22AE /* ADetailsViewController.m */ = {isa = PBXFileReference; fileEncoding = 4; lastKnownFileType = sourcecode.c.objc; path = ADetailsViewController.m; sourceTree = "<group>"; };
		E960D6141AA946E500FA22AE /* ADetailsViewController.xib */ = {isa = PBXFileReference; fileEncoding = 4; lastKnownFileType = file.xib; path = ADetailsViewController.xib; sourceTree = "<group>"; };
		E9A77FAA1A99283C0020DB2E /* BebasNeue-Bold.otf */ = {isa = PBXFileReference; lastKnownFileType = file; name = "BebasNeue-Bold.otf"; path = "../BebasNeue-Bold.otf"; sourceTree = "<group>"; };
		E9B8FBD019A0033D00607236 /* WikiBand.app */ = {isa = PBXFileReference; explicitFileType = wrapper.application; includeInIndex = 0; path = WikiBand.app; sourceTree = BUILT_PRODUCTS_DIR; };
		E9B8FBD319A0033D00607236 /* Foundation.framework */ = {isa = PBXFileReference; lastKnownFileType = wrapper.framework; name = Foundation.framework; path = System/Library/Frameworks/Foundation.framework; sourceTree = SDKROOT; };
		E9B8FBD519A0033D00607236 /* CoreGraphics.framework */ = {isa = PBXFileReference; lastKnownFileType = wrapper.framework; name = CoreGraphics.framework; path = System/Library/Frameworks/CoreGraphics.framework; sourceTree = SDKROOT; };
		E9B8FBD719A0033D00607236 /* UIKit.framework */ = {isa = PBXFileReference; lastKnownFileType = wrapper.framework; name = UIKit.framework; path = System/Library/Frameworks/UIKit.framework; sourceTree = SDKROOT; };
		E9B8FBDB19A0033D00607236 /* WikiBand-Info.plist */ = {isa = PBXFileReference; lastKnownFileType = text.plist.xml; path = "WikiBand-Info.plist"; sourceTree = "<group>"; };
		E9B8FBDD19A0033D00607236 /* en */ = {isa = PBXFileReference; lastKnownFileType = text.plist.strings; name = en; path = en.lproj/InfoPlist.strings; sourceTree = "<group>"; };
		E9B8FBDF19A0033D00607236 /* main.m */ = {isa = PBXFileReference; lastKnownFileType = sourcecode.c.objc; path = main.m; sourceTree = "<group>"; };
		E9B8FBE119A0033D00607236 /* WikiBand-Prefix.pch */ = {isa = PBXFileReference; lastKnownFileType = sourcecode.c.h; path = "WikiBand-Prefix.pch"; sourceTree = "<group>"; };
		E9B8FBE219A0033D00607236 /* AppDelegate.h */ = {isa = PBXFileReference; lastKnownFileType = sourcecode.c.h; path = AppDelegate.h; sourceTree = "<group>"; };
		E9B8FBE319A0033D00607236 /* AppDelegate.m */ = {isa = PBXFileReference; lastKnownFileType = sourcecode.c.objc; path = AppDelegate.m; sourceTree = "<group>"; };
		E9B8FBE519A0033D00607236 /* Images.xcassets */ = {isa = PBXFileReference; lastKnownFileType = folder.assetcatalog; path = Images.xcassets; sourceTree = "<group>"; };
		E9B8FBEB19A0033D00607236 /* WikiBandTests.xctest */ = {isa = PBXFileReference; explicitFileType = wrapper.cfbundle; includeInIndex = 0; path = WikiBandTests.xctest; sourceTree = BUILT_PRODUCTS_DIR; };
		E9B8FBEC19A0033D00607236 /* XCTest.framework */ = {isa = PBXFileReference; lastKnownFileType = wrapper.framework; name = XCTest.framework; path = Library/Frameworks/XCTest.framework; sourceTree = DEVELOPER_DIR; };
		E9B8FBF419A0033D00607236 /* WikiBandTests-Info.plist */ = {isa = PBXFileReference; lastKnownFileType = text.plist.xml; path = "WikiBandTests-Info.plist"; sourceTree = "<group>"; };
		E9B8FBF619A0033D00607236 /* en */ = {isa = PBXFileReference; lastKnownFileType = text.plist.strings; name = en; path = en.lproj/InfoPlist.strings; sourceTree = "<group>"; };
		E9B8FBF819A0033D00607236 /* WikiBandTests.m */ = {isa = PBXFileReference; lastKnownFileType = sourcecode.c.objc; path = WikiBandTests.m; sourceTree = "<group>"; };
		E9B8FC0219A005B000607236 /* GridViewController.h */ = {isa = PBXFileReference; fileEncoding = 4; lastKnownFileType = sourcecode.c.h; name = GridViewController.h; path = ../GridViewController.h; sourceTree = "<group>"; };
		E9B8FC0319A005B000607236 /* GridViewController.m */ = {isa = PBXFileReference; fileEncoding = 4; lastKnownFileType = sourcecode.c.objc; name = GridViewController.m; path = ../GridViewController.m; sourceTree = "<group>"; };
		E9B8FC0519A00E9D00607236 /* ArtistCell.h */ = {isa = PBXFileReference; fileEncoding = 4; lastKnownFileType = sourcecode.c.h; path = ArtistCell.h; sourceTree = "<group>"; };
		E9B8FC0619A00E9D00607236 /* ArtistCell.m */ = {isa = PBXFileReference; fileEncoding = 4; lastKnownFileType = sourcecode.c.objc; path = ArtistCell.m; sourceTree = "<group>"; };
		E9D6236719A1295B002A05A4 /* ArtistDetailsViewController.h */ = {isa = PBXFileReference; fileEncoding = 4; lastKnownFileType = sourcecode.c.h; name = ArtistDetailsViewController.h; path = ../ArtistDetailsViewController.h; sourceTree = "<group>"; };
		E9D6236819A1295B002A05A4 /* ArtistDetailsViewController.m */ = {isa = PBXFileReference; fileEncoding = 4; lastKnownFileType = sourcecode.c.objc; name = ArtistDetailsViewController.m; path = ../ArtistDetailsViewController.m; sourceTree = "<group>"; };
		E9D6236A19A129C5002A05A4 /* ArtistDetailsViewController.xib */ = {isa = PBXFileReference; fileEncoding = 4; lastKnownFileType = file.xib; path = ArtistDetailsViewController.xib; sourceTree = "<group>"; };
		E9D6236C19A163F7002A05A4 /* Artist.h */ = {isa = PBXFileReference; fileEncoding = 4; lastKnownFileType = sourcecode.c.h; path = Artist.h; sourceTree = "<group>"; };
		E9D6236D19A163F7002A05A4 /* Artist.m */ = {isa = PBXFileReference; fileEncoding = 4; lastKnownFileType = sourcecode.c.objc; path = Artist.m; sourceTree = "<group>"; };
		E9D6236F19A2F68A002A05A4 /* PresentDetailTransition.h */ = {isa = PBXFileReference; fileEncoding = 4; lastKnownFileType = sourcecode.c.h; path = PresentDetailTransition.h; sourceTree = "<group>"; };
		E9D6237019A2F68A002A05A4 /* PresentDetailTransition.m */ = {isa = PBXFileReference; fileEncoding = 4; lastKnownFileType = sourcecode.c.objc; path = PresentDetailTransition.m; sourceTree = "<group>"; };
		E9D6237219A38B68002A05A4 /* DismissDetailTransition.h */ = {isa = PBXFileReference; fileEncoding = 4; lastKnownFileType = sourcecode.c.h; path = DismissDetailTransition.h; sourceTree = "<group>"; };
		E9D6237319A38B68002A05A4 /* DismissDetailTransition.m */ = {isa = PBXFileReference; fileEncoding = 4; lastKnownFileType = sourcecode.c.objc; path = DismissDetailTransition.m; sourceTree = "<group>"; };
		E9D6237519AC07B7002A05A4 /* ArtistStore.h */ = {isa = PBXFileReference; fileEncoding = 4; lastKnownFileType = sourcecode.c.h; path = ArtistStore.h; sourceTree = "<group>"; };
		E9D6237619AC07B7002A05A4 /* ArtistStore.m */ = {isa = PBXFileReference; fileEncoding = 4; lastKnownFileType = sourcecode.c.objc; path = ArtistStore.m; sourceTree = "<group>"; };
		E9E01BC61AC416E000912140 /* MediaItems.h */ = {isa = PBXFileReference; fileEncoding = 4; lastKnownFileType = sourcecode.c.h; path = MediaItems.h; sourceTree = "<group>"; };
		E9E01BC71AC416E000912140 /* MediaItems.m */ = {isa = PBXFileReference; fileEncoding = 4; lastKnownFileType = sourcecode.c.objc; path = MediaItems.m; sourceTree = "<group>"; };
		E9E5E5A51AB050E100479C52 /* ExperimentViewController.h */ = {isa = PBXFileReference; fileEncoding = 4; lastKnownFileType = sourcecode.c.h; path = ExperimentViewController.h; sourceTree = "<group>"; };
		E9E5E5A61AB050E100479C52 /* ExperimentViewController.m */ = {isa = PBXFileReference; fileEncoding = 4; lastKnownFileType = sourcecode.c.objc; path = ExperimentViewController.m; sourceTree = "<group>"; };
		E9E5E5A71AB050E100479C52 /* ExperimentViewController.xib */ = {isa = PBXFileReference; fileEncoding = 4; lastKnownFileType = file.xib; path = ExperimentViewController.xib; sourceTree = "<group>"; };
/* End PBXFileReference section */

/* Begin PBXFrameworksBuildPhase section */
		E9B8FBCD19A0033D00607236 /* Frameworks */ = {
			isa = PBXFrameworksBuildPhase;
			buildActionMask = 2147483647;
			files = (
				E95DDB611AA0A3E400C6560D /* MediaPlayer.framework in Frameworks */,
				E7A4A9361A915EC700ACE036 /* QuartzCore.framework in Frameworks */,
				E9B8FBD619A0033D00607236 /* CoreGraphics.framework in Frameworks */,
				E9B8FBD819A0033D00607236 /* UIKit.framework in Frameworks */,
				E9B8FBD419A0033D00607236 /* Foundation.framework in Frameworks */,
			);
			runOnlyForDeploymentPostprocessing = 0;
		};
		E9B8FBE819A0033D00607236 /* Frameworks */ = {
			isa = PBXFrameworksBuildPhase;
			buildActionMask = 2147483647;
			files = (
				E9B8FBED19A0033D00607236 /* XCTest.framework in Frameworks */,
				E9B8FBEF19A0033D00607236 /* UIKit.framework in Frameworks */,
				E9B8FBEE19A0033D00607236 /* Foundation.framework in Frameworks */,
			);
			runOnlyForDeploymentPostprocessing = 0;
		};
/* End PBXFrameworksBuildPhase section */

/* Begin PBXGroup section */
		E9B8FBC719A0033D00607236 = {
			isa = PBXGroup;
			children = (
				E9B8FBD919A0033D00607236 /* WikiBand */,
				E9B8FBF219A0033D00607236 /* WikiBandTests */,
				E9B8FBD219A0033D00607236 /* Frameworks */,
				E9B8FBD119A0033D00607236 /* Products */,
			);
			sourceTree = "<group>";
		};
		E9B8FBD119A0033D00607236 /* Products */ = {
			isa = PBXGroup;
			children = (
				E9B8FBD019A0033D00607236 /* WikiBand.app */,
				E9B8FBEB19A0033D00607236 /* WikiBandTests.xctest */,
			);
			name = Products;
			sourceTree = "<group>";
		};
		E9B8FBD219A0033D00607236 /* Frameworks */ = {
			isa = PBXGroup;
			children = (
				E95DDB601AA0A3E400C6560D /* MediaPlayer.framework */,
				E7A4A9351A915EC700ACE036 /* QuartzCore.framework */,
				E9B8FBD319A0033D00607236 /* Foundation.framework */,
				E9B8FBD519A0033D00607236 /* CoreGraphics.framework */,
				E9B8FBD719A0033D00607236 /* UIKit.framework */,
				E9B8FBEC19A0033D00607236 /* XCTest.framework */,
			);
			name = Frameworks;
			sourceTree = "<group>";
		};
		E9B8FBD919A0033D00607236 /* WikiBand */ = {
			isa = PBXGroup;
			children = (
				E7A4A9321A914AD100ACE036 /* DetailsViewController.h */,
				E7A4A9331A914AD100ACE036 /* DetailsViewController.m */,
				E9D6236719A1295B002A05A4 /* ArtistDetailsViewController.h */,
				E9D6236819A1295B002A05A4 /* ArtistDetailsViewController.m */,
				E9D6236A19A129C5002A05A4 /* ArtistDetailsViewController.xib */,
				E9B8FBE219A0033D00607236 /* AppDelegate.h */,
				E9B8FBE319A0033D00607236 /* AppDelegate.m */,
				E9B8FC0219A005B000607236 /* GridViewController.h */,
				E9B8FC0319A005B000607236 /* GridViewController.m */,
				E960D6121AA946E500FA22AE /* ADetailsViewController.h */,
				E960D6131AA946E500FA22AE /* ADetailsViewController.m */,
				E960D6141AA946E500FA22AE /* ADetailsViewController.xib */,
				E9B8FBE519A0033D00607236 /* Images.xcassets */,
				E9B8FBDA19A0033D00607236 /* Supporting Files */,
				E9B8FC0519A00E9D00607236 /* ArtistCell.h */,
				E9B8FC0619A00E9D00607236 /* ArtistCell.m */,
				E9D6236C19A163F7002A05A4 /* Artist.h */,
				E9D6236D19A163F7002A05A4 /* Artist.m */,
				E9E01BC61AC416E000912140 /* MediaItems.h */,
				E9E01BC71AC416E000912140 /* MediaItems.m */,
				E9D6236F19A2F68A002A05A4 /* PresentDetailTransition.h */,
				E9D6237019A2F68A002A05A4 /* PresentDetailTransition.m */,
				E9D6237219A38B68002A05A4 /* DismissDetailTransition.h */,
				E9D6237319A38B68002A05A4 /* DismissDetailTransition.m */,
				E9D6237519AC07B7002A05A4 /* ArtistStore.h */,
				E9D6237619AC07B7002A05A4 /* ArtistStore.m */,
				E95DDB5D1A9CA19000C6560D /* UIButton+Extensions.h */,
				E95DDB5E1A9CA19000C6560D /* UIButton+Extensions.m */,
				E9E5E5A51AB050E100479C52 /* ExperimentViewController.h */,
				E9E5E5A61AB050E100479C52 /* ExperimentViewController.m */,
				E9E5E5A71AB050E100479C52 /* ExperimentViewController.xib */,
			);
			path = WikiBand;
			sourceTree = "<group>";
		};
		E9B8FBDA19A0033D00607236 /* Supporting Files */ = {
			isa = PBXGroup;
			children = (
				E750D4E21A9A7B6E0004ADD7 /* Whitney-Semibold-Bas.otf */,
				E750D4E01A9A7B5B0004ADD7 /* Whitney-Medium-Bas.otf */,
				E750D4DB1A9A74D20004ADD7 /* Whitney-Book-Bas.otf */,
				E9A77FAA1A99283C0020DB2E /* BebasNeue-Bold.otf */,
				E9B8FBDB19A0033D00607236 /* WikiBand-Info.plist */,
				E9B8FBDC19A0033D00607236 /* InfoPlist.strings */,
				E9B8FBDF19A0033D00607236 /* main.m */,
				E9B8FBE119A0033D00607236 /* WikiBand-Prefix.pch */,
			);
			name = "Supporting Files";
			sourceTree = "<group>";
		};
		E9B8FBF219A0033D00607236 /* WikiBandTests */ = {
			isa = PBXGroup;
			children = (
				E9B8FBF819A0033D00607236 /* WikiBandTests.m */,
				E9B8FBF319A0033D00607236 /* Supporting Files */,
			);
			path = WikiBandTests;
			sourceTree = "<group>";
		};
		E9B8FBF319A0033D00607236 /* Supporting Files */ = {
			isa = PBXGroup;
			children = (
				E9B8FBF419A0033D00607236 /* WikiBandTests-Info.plist */,
				E9B8FBF519A0033D00607236 /* InfoPlist.strings */,
			);
			name = "Supporting Files";
			sourceTree = "<group>";
		};
/* End PBXGroup section */

/* Begin PBXNativeTarget section */
		E9B8FBCF19A0033D00607236 /* WikiBand */ = {
			isa = PBXNativeTarget;
			buildConfigurationList = E9B8FBFC19A0033D00607236 /* Build configuration list for PBXNativeTarget "WikiBand" */;
			buildPhases = (
				E9B8FBCC19A0033D00607236 /* Sources */,
				E9B8FBCD19A0033D00607236 /* Frameworks */,
				E9B8FBCE19A0033D00607236 /* Resources */,
			);
			buildRules = (
			);
			dependencies = (
			);
			name = WikiBand;
			productName = WikiBand;
			productReference = E9B8FBD019A0033D00607236 /* WikiBand.app */;
			productType = "com.apple.product-type.application";
		};
		E9B8FBEA19A0033D00607236 /* WikiBandTests */ = {
			isa = PBXNativeTarget;
			buildConfigurationList = E9B8FBFF19A0033D00607236 /* Build configuration list for PBXNativeTarget "WikiBandTests" */;
			buildPhases = (
				E9B8FBE719A0033D00607236 /* Sources */,
				E9B8FBE819A0033D00607236 /* Frameworks */,
				E9B8FBE919A0033D00607236 /* Resources */,
			);
			buildRules = (
			);
			dependencies = (
				E9B8FBF119A0033D00607236 /* PBXTargetDependency */,
			);
			name = WikiBandTests;
			productName = WikiBandTests;
			productReference = E9B8FBEB19A0033D00607236 /* WikiBandTests.xctest */;
			productType = "com.apple.product-type.bundle.unit-test";
		};
/* End PBXNativeTarget section */

/* Begin PBXProject section */
		E9B8FBC819A0033D00607236 /* Project object */ = {
			isa = PBXProject;
			attributes = {
				LastUpgradeCheck = 0510;
				ORGANIZATIONNAME = "Steve Hernandez";
				TargetAttributes = {
					E9B8FBEA19A0033D00607236 = {
						TestTargetID = E9B8FBCF19A0033D00607236;
					};
				};
			};
			buildConfigurationList = E9B8FBCB19A0033D00607236 /* Build configuration list for PBXProject "WikiBand" */;
			compatibilityVersion = "Xcode 3.2";
			developmentRegion = English;
			hasScannedForEncodings = 0;
			knownRegions = (
				en,
			);
			mainGroup = E9B8FBC719A0033D00607236;
			productRefGroup = E9B8FBD119A0033D00607236 /* Products */;
			projectDirPath = "";
			projectRoot = "";
			targets = (
				E9B8FBCF19A0033D00607236 /* WikiBand */,
				E9B8FBEA19A0033D00607236 /* WikiBandTests */,
			);
		};
/* End PBXProject section */

/* Begin PBXResourcesBuildPhase section */
		E9B8FBCE19A0033D00607236 /* Resources */ = {
			isa = PBXResourcesBuildPhase;
			buildActionMask = 2147483647;
			files = (
				E750D4E31A9A7B6E0004ADD7 /* Whitney-Semibold-Bas.otf in Resources */,
				E960D6161AA946E500FA22AE /* ADetailsViewController.xib in Resources */,
				E9A77FAB1A99283C0020DB2E /* BebasNeue-Bold.otf in Resources */,
				E9E5E5A91AB050E100479C52 /* ExperimentViewController.xib in Resources */,
				E9D6236B19A129C5002A05A4 /* ArtistDetailsViewController.xib in Resources */,
				E9B8FBDE19A0033D00607236 /* InfoPlist.strings in Resources */,
				E750D4DC1A9A74D20004ADD7 /* Whitney-Book-Bas.otf in Resources */,
				E750D4E11A9A7B5B0004ADD7 /* Whitney-Medium-Bas.otf in Resources */,
				E9B8FBE619A0033D00607236 /* Images.xcassets in Resources */,
			);
			runOnlyForDeploymentPostprocessing = 0;
		};
		E9B8FBE919A0033D00607236 /* Resources */ = {
			isa = PBXResourcesBuildPhase;
			buildActionMask = 2147483647;
			files = (
				E9B8FBF719A0033D00607236 /* InfoPlist.strings in Resources */,
			);
			runOnlyForDeploymentPostprocessing = 0;
		};
/* End PBXResourcesBuildPhase section */

/* Begin PBXSourcesBuildPhase section */
		E9B8FBCC19A0033D00607236 /* Sources */ = {
			isa = PBXSourcesBuildPhase;
			buildActionMask = 2147483647;
			files = (
				E9B8FBE419A0033D00607236 /* AppDelegate.m in Sources */,
				E9E01BC81AC416E000912140 /* MediaItems.m in Sources */,
				E960D6151AA946E500FA22AE /* ADetailsViewController.m in Sources */,
				E7A4A9341A914AD100ACE036 /* DetailsViewController.m in Sources */,
				E9B8FC0419A005B000607236 /* GridViewController.m in Sources */,
				E9D6236919A1295B002A05A4 /* ArtistDetailsViewController.m in Sources */,
				E9D6237719AC07B7002A05A4 /* ArtistStore.m in Sources */,
				E9B8FC0719A00E9D00607236 /* ArtistCell.m in Sources */,
				E9D6237119A2F68A002A05A4 /* PresentDetailTransition.m in Sources */,
				E95DDB5F1A9CA19000C6560D /* UIButton+Extensions.m in Sources */,
				E9D6236E19A163F7002A05A4 /* Artist.m in Sources */,
				E9E5E5A81AB050E100479C52 /* ExperimentViewController.m in Sources */,
				E9D6237419A38B68002A05A4 /* DismissDetailTransition.m in Sources */,
				E9B8FBE019A0033D00607236 /* main.m in Sources */,
			);
			runOnlyForDeploymentPostprocessing = 0;
		};
		E9B8FBE719A0033D00607236 /* Sources */ = {
			isa = PBXSourcesBuildPhase;
			buildActionMask = 2147483647;
			files = (
				E9B8FBF919A0033D00607236 /* WikiBandTests.m in Sources */,
			);
			runOnlyForDeploymentPostprocessing = 0;
		};
/* End PBXSourcesBuildPhase section */

/* Begin PBXTargetDependency section */
		E9B8FBF119A0033D00607236 /* PBXTargetDependency */ = {
			isa = PBXTargetDependency;
			target = E9B8FBCF19A0033D00607236 /* WikiBand */;
			targetProxy = E9B8FBF019A0033D00607236 /* PBXContainerItemProxy */;
		};
/* End PBXTargetDependency section */

/* Begin PBXVariantGroup section */
		E9B8FBDC19A0033D00607236 /* InfoPlist.strings */ = {
			isa = PBXVariantGroup;
			children = (
				E9B8FBDD19A0033D00607236 /* en */,
			);
			name = InfoPlist.strings;
			sourceTree = "<group>";
		};
		E9B8FBF519A0033D00607236 /* InfoPlist.strings */ = {
			isa = PBXVariantGroup;
			children = (
				E9B8FBF619A0033D00607236 /* en */,
			);
			name = InfoPlist.strings;
			sourceTree = "<group>";
		};
/* End PBXVariantGroup section */

/* Begin XCBuildConfiguration section */
		E9B8FBFA19A0033D00607236 /* Debug */ = {
			isa = XCBuildConfiguration;
			buildSettings = {
				ALWAYS_SEARCH_USER_PATHS = NO;
				CLANG_CXX_LANGUAGE_STANDARD = "gnu++0x";
				CLANG_CXX_LIBRARY = "libc++";
				CLANG_ENABLE_MODULES = YES;
				CLANG_ENABLE_OBJC_ARC = YES;
				CLANG_WARN_BOOL_CONVERSION = YES;
				CLANG_WARN_CONSTANT_CONVERSION = YES;
				CLANG_WARN_DIRECT_OBJC_ISA_USAGE = YES_ERROR;
				CLANG_WARN_EMPTY_BODY = YES;
				CLANG_WARN_ENUM_CONVERSION = YES;
				CLANG_WARN_INT_CONVERSION = YES;
				CLANG_WARN_OBJC_ROOT_CLASS = YES_ERROR;
				CLANG_WARN__DUPLICATE_METHOD_MATCH = YES;
				"CODE_SIGN_IDENTITY[sdk=iphoneos*]" = "iPhone Developer";
				COPY_PHASE_STRIP = NO;
				GCC_C_LANGUAGE_STANDARD = gnu99;
				GCC_DYNAMIC_NO_PIC = NO;
				GCC_OPTIMIZATION_LEVEL = 0;
				GCC_PREPROCESSOR_DEFINITIONS = (
					"DEBUG=1",
					"$(inherited)",
				);
				GCC_SYMBOLS_PRIVATE_EXTERN = NO;
				GCC_WARN_64_TO_32_BIT_CONVERSION = YES;
				GCC_WARN_ABOUT_RETURN_TYPE = YES_ERROR;
				GCC_WARN_UNDECLARED_SELECTOR = YES;
				GCC_WARN_UNINITIALIZED_AUTOS = YES_AGGRESSIVE;
				GCC_WARN_UNUSED_FUNCTION = YES;
				GCC_WARN_UNUSED_VARIABLE = YES;
				IPHONEOS_DEPLOYMENT_TARGET = 7.1;
				ONLY_ACTIVE_ARCH = YES;
				SDKROOT = iphoneos;
			};
			name = Debug;
		};
		E9B8FBFB19A0033D00607236 /* Release */ = {
			isa = XCBuildConfiguration;
			buildSettings = {
				ALWAYS_SEARCH_USER_PATHS = NO;
				CLANG_CXX_LANGUAGE_STANDARD = "gnu++0x";
				CLANG_CXX_LIBRARY = "libc++";
				CLANG_ENABLE_MODULES = YES;
				CLANG_ENABLE_OBJC_ARC = YES;
				CLANG_WARN_BOOL_CONVERSION = YES;
				CLANG_WARN_CONSTANT_CONVERSION = YES;
				CLANG_WARN_DIRECT_OBJC_ISA_USAGE = YES_ERROR;
				CLANG_WARN_EMPTY_BODY = YES;
				CLANG_WARN_ENUM_CONVERSION = YES;
				CLANG_WARN_INT_CONVERSION = YES;
				CLANG_WARN_OBJC_ROOT_CLASS = YES_ERROR;
				CLANG_WARN__DUPLICATE_METHOD_MATCH = YES;
				"CODE_SIGN_IDENTITY[sdk=iphoneos*]" = "iPhone Developer";
				COPY_PHASE_STRIP = YES;
				ENABLE_NS_ASSERTIONS = NO;
				GCC_C_LANGUAGE_STANDARD = gnu99;
				GCC_WARN_64_TO_32_BIT_CONVERSION = YES;
				GCC_WARN_ABOUT_RETURN_TYPE = YES_ERROR;
				GCC_WARN_UNDECLARED_SELECTOR = YES;
				GCC_WARN_UNINITIALIZED_AUTOS = YES_AGGRESSIVE;
				GCC_WARN_UNUSED_FUNCTION = YES;
				GCC_WARN_UNUSED_VARIABLE = YES;
				IPHONEOS_DEPLOYMENT_TARGET = 7.1;
				SDKROOT = iphoneos;
				VALIDATE_PRODUCT = YES;
			};
			name = Release;
		};
		E9B8FBFD19A0033D00607236 /* Debug */ = {
			isa = XCBuildConfiguration;
			buildSettings = {
				ASSETCATALOG_COMPILER_APPICON_NAME = AppIcon;
				ASSETCATALOG_COMPILER_LAUNCHIMAGE_NAME = LaunchImage;
				GCC_PRECOMPILE_PREFIX_HEADER = YES;
				GCC_PREFIX_HEADER = "WikiBand/WikiBand-Prefix.pch";
				INFOPLIST_FILE = "WikiBand/WikiBand-Info.plist";
				PRODUCT_NAME = "$(TARGET_NAME)";
				WRAPPER_EXTENSION = app;
			};
			name = Debug;
		};
		E9B8FBFE19A0033D00607236 /* Release */ = {
			isa = XCBuildConfiguration;
			buildSettings = {
				ASSETCATALOG_COMPILER_APPICON_NAME = AppIcon;
				ASSETCATALOG_COMPILER_LAUNCHIMAGE_NAME = LaunchImage;
				GCC_PRECOMPILE_PREFIX_HEADER = YES;
				GCC_PREFIX_HEADER = "WikiBand/WikiBand-Prefix.pch";
				INFOPLIST_FILE = "WikiBand/WikiBand-Info.plist";
				PRODUCT_NAME = "$(TARGET_NAME)";
				WRAPPER_EXTENSION = app;
			};
			name = Release;
		};
		E9B8FC0019A0033D00607236 /* Debug */ = {
			isa = XCBuildConfiguration;
			buildSettings = {
				BUNDLE_LOADER = "$(BUILT_PRODUCTS_DIR)/WikiBand.app/WikiBand";
				FRAMEWORK_SEARCH_PATHS = (
					"$(SDKROOT)/Developer/Library/Frameworks",
					"$(inherited)",
					"$(DEVELOPER_FRAMEWORKS_DIR)",
				);
				GCC_PRECOMPILE_PREFIX_HEADER = YES;
				GCC_PREFIX_HEADER = "WikiBand/WikiBand-Prefix.pch";
				GCC_PREPROCESSOR_DEFINITIONS = (
					"DEBUG=1",
					"$(inherited)",
				);
				INFOPLIST_FILE = "WikiBandTests/WikiBandTests-Info.plist";
				PRODUCT_NAME = "$(TARGET_NAME)";
				TEST_HOST = "$(BUNDLE_LOADER)";
				WRAPPER_EXTENSION = xctest;
			};
			name = Debug;
		};
		E9B8FC0119A0033D00607236 /* Release */ = {
			isa = XCBuildConfiguration;
			buildSettings = {
				BUNDLE_LOADER = "$(BUILT_PRODUCTS_DIR)/WikiBand.app/WikiBand";
				FRAMEWORK_SEARCH_PATHS = (
					"$(SDKROOT)/Developer/Library/Frameworks",
					"$(inherited)",
					"$(DEVELOPER_FRAMEWORKS_DIR)",
				);
				GCC_PRECOMPILE_PREFIX_HEADER = YES;
				GCC_PREFIX_HEADER = "WikiBand/WikiBand-Prefix.pch";
				INFOPLIST_FILE = "WikiBandTests/WikiBandTests-Info.plist";
				PRODUCT_NAME = "$(TARGET_NAME)";
				TEST_HOST = "$(BUNDLE_LOADER)";
				WRAPPER_EXTENSION = xctest;
			};
			name = Release;
		};
/* End XCBuildConfiguration section */

/* Begin XCConfigurationList section */
		E9B8FBCB19A0033D00607236 /* Build configuration list for PBXProject "WikiBand" */ = {
			isa = XCConfigurationList;
			buildConfigurations = (
				E9B8FBFA19A0033D00607236 /* Debug */,
				E9B8FBFB19A0033D00607236 /* Release */,
			);
			defaultConfigurationIsVisible = 0;
			defaultConfigurationName = Release;
		};
		E9B8FBFC19A0033D00607236 /* Build configuration list for PBXNativeTarget "WikiBand" */ = {
			isa = XCConfigurationList;
			buildConfigurations = (
				E9B8FBFD19A0033D00607236 /* Debug */,
				E9B8FBFE19A0033D00607236 /* Release */,
			);
			defaultConfigurationIsVisible = 0;
			defaultConfigurationName = Release;
		};
		E9B8FBFF19A0033D00607236 /* Build configuration list for PBXNativeTarget "WikiBandTests" */ = {
			isa = XCConfigurationList;
			buildConfigurations = (
				E9B8FC0019A0033D00607236 /* Debug */,
				E9B8FC0119A0033D00607236 /* Release */,
			);
			defaultConfigurationIsVisible = 0;
			defaultConfigurationName = Release;
		};
/* End XCConfigurationList section */
	};
	rootObject = E9B8FBC819A0033D00607236 /* Project object */;
}
